
Microsoft Visual Studio Solution File, Format Version 12.00
# Visual Studio Version 17
VisualStudioVersion = 17.13.35806.99
MinimumVisualStudioVersion = 10.0.40219.1
Project("{FAE04EC0-301F-11D3-BF4B-00C04F79EFBC}") = "RemindMe.Host", "RemindMe.Host\RemindMe.Host.csproj", "{4D562CCD-F23B-41D4-B182-A3129E4E9FF7}"
EndProject
Project("{FAE04EC0-301F-11D3-BF4B-00C04F79EFBC}") = "RemindMe.Application", "RemindMe.Application\RemindMe.Application.csproj", "{F171E431-6E73-48B5-9EE2-0E21C890E091}"
EndProject
Project("{FAE04EC0-301F-11D3-BF4B-00C04F79EFBC}") = "RemindMe.Domain", "RemindMe.Domain\RemindMe.Domain.csproj", "{676C6B30-C0B7-4C65-A900-79C4C5D56EA0}"
EndProject
Project("{FAE04EC0-301F-11D3-BF4B-00C04F79EFBC}") = "RemindMe.Contracts", "RemindMe.Contracts\RemindMe.Contracts.csproj", "{0A72E019-6C0A-426A-BC8E-E52ED1105BFF}"
EndProject
Project("{FAE04EC0-301F-11D3-BF4B-00C04F79EFBC}") = "RemindMe.WebApi", "RemindMe.WebApi\RemindMe.WebApi.csproj", "{9D0F1469-E1A5-482B-852D-B59ABCF01E23}"
EndProject
Project("{FAE04EC0-301F-11D3-BF4B-00C04F79EFBC}") = "RemindMe.Infrastructure", "RemindMe.Infrastructure\RemindMe.Infrastructure.csproj", "{FE8F2007-1230-4932-8414-C337BC349093}"
EndProject
Project("{FAE04EC0-301F-11D3-BF4B-00C04F79EFBC}") = "RemindMe.Infrastructure.Persistence", "RemindMe.Infrastructure.Persistence\RemindMe.Infrastructure.Persistence.csproj", "{D0BD674E-64B9-4D45-9CD7-1394914D3621}"
EndProject
Project("{FAE04EC0-301F-11D3-BF4B-00C04F79EFBC}") = "RemindMe.Blazor", "RemindMe.Blazor\RemindMe.Blazor.csproj", "{B5B1E1DC-3C13-42EE-8663-500EF18F43A0}"
EndProject
Global
	GlobalSection(SolutionConfigurationPlatforms) = preSolution
		Debug|Any CPU = Debug|Any CPU
		Release|Any CPU = Release|Any CPU
	EndGlobalSection
	GlobalSection(ProjectConfigurationPlatforms) = postSolution
		{4D562CCD-F23B-41D4-B182-A3129E4E9FF7}.Debug|Any CPU.ActiveCfg = Debug|Any CPU
		{4D562CCD-F23B-41D4-B182-A3129E4E9FF7}.Debug|Any CPU.Build.0 = Debug|Any CPU
		{4D562CCD-F23B-41D4-B182-A3129E4E9FF7}.Release|Any CPU.ActiveCfg = Release|Any CPU
		{4D562CCD-F23B-41D4-B182-A3129E4E9FF7}.Release|Any CPU.Build.0 = Release|Any CPU
		{F171E431-6E73-48B5-9EE2-0E21C890E091}.Debug|Any CPU.ActiveCfg = Debug|Any CPU
		{F171E431-6E73-48B5-9EE2-0E21C890E091}.Debug|Any CPU.Build.0 = Debug|Any CPU
		{F171E431-6E73-48B5-9EE2-0E21C890E091}.Release|Any CPU.ActiveCfg = Release|Any CPU
		{F171E431-6E73-48B5-9EE2-0E21C890E091}.Release|Any CPU.Build.0 = Release|Any CPU
		{676C6B30-C0B7-4C65-A900-79C4C5D56EA0}.Debug|Any CPU.ActiveCfg = Debug|Any CPU
		{676C6B30-C0B7-4C65-A900-79C4C5D56EA0}.Debug|Any CPU.Build.0 = Debug|Any CPU
		{676C6B30-C0B7-4C65-A900-79C4C5D56EA0}.Release|Any CPU.ActiveCfg = Release|Any CPU
		{676C6B30-C0B7-4C65-A900-79C4C5D56EA0}.Release|Any CPU.Build.0 = Release|Any CPU
		{0A72E019-6C0A-426A-BC8E-E52ED1105BFF}.Debug|Any CPU.ActiveCfg = Debug|Any CPU
		{0A72E019-6C0A-426A-BC8E-E52ED1105BFF}.Debug|Any CPU.Build.0 = Debug|Any CPU
		{0A72E019-6C0A-426A-BC8E-E52ED1105BFF}.Release|Any CPU.ActiveCfg = Release|Any CPU
		{0A72E019-6C0A-426A-BC8E-E52ED1105BFF}.Release|Any CPU.Build.0 = Release|Any CPU
		{9D0F1469-E1A5-482B-852D-B59ABCF01E23}.Debug|Any CPU.ActiveCfg = Debug|Any CPU
		{9D0F1469-E1A5-482B-852D-B59ABCF01E23}.Debug|Any CPU.Build.0 = Debug|Any CPU
		{9D0F1469-E1A5-482B-852D-B59ABCF01E23}.Release|Any CPU.ActiveCfg = Release|Any CPU
		{9D0F1469-E1A5-482B-852D-B59ABCF01E23}.Release|Any CPU.Build.0 = Release|Any CPU
		{FE8F2007-1230-4932-8414-C337BC349093}.Debug|Any CPU.ActiveCfg = Debug|Any CPU
		{FE8F2007-1230-4932-8414-C337BC349093}.Debug|Any CPU.Build.0 = Debug|Any CPU
		{FE8F2007-1230-4932-8414-C337BC349093}.Release|Any CPU.ActiveCfg = Release|Any CPU
		{FE8F2007-1230-4932-8414-C337BC349093}.Release|Any CPU.Build.0 = Release|Any CPU
		{D0BD674E-64B9-4D45-9CD7-1394914D3621}.Debug|Any CPU.ActiveCfg = Debug|Any CPU
		{D0BD674E-64B9-4D45-9CD7-1394914D3621}.Debug|Any CPU.Build.0 = Debug|Any CPU
		{D0BD674E-64B9-4D45-9CD7-1394914D3621}.Release|Any CPU.ActiveCfg = Release|Any CPU
		{D0BD674E-64B9-4D45-9CD7-1394914D3621}.Release|Any CPU.Build.0 = Release|Any CPU
		{B5B1E1DC-3C13-42EE-8663-500EF18F43A0}.Debug|Any CPU.ActiveCfg = Debug|Any CPU
		{B5B1E1DC-3C13-42EE-8663-500EF18F43A0}.Debug|Any CPU.Build.0 = Debug|Any CPU
		{B5B1E1DC-3C13-42EE-8663-500EF18F43A0}.Release|Any CPU.ActiveCfg = Release|Any CPU
		{B5B1E1DC-3C13-42EE-8663-500EF18F43A0}.Release|Any CPU.Build.0 = Release|Any CPU
	EndGlobalSection
	GlobalSection(SolutionProperties) = preSolution
		HideSolutionNode = FALSE
	EndGlobalSection
	GlobalSection(ExtensibilityGlobals) = postSolution
		SolutionGuid = {E00F2D49-656F-4193-9F45-6D2936DF2325}
	EndGlobalSection
EndGlobal
